
Microsoft Visual Studio Solution File, Format Version 12.00
Project("{FAE04EC0-301F-11D3-BF4B-00C04F79EFBC}") = "BDD", "BDD\BDD.csproj", "{FDBF7643-B61F-47E7-A49B-3F8F25184ABF}"
EndProject
Project("{FAE04EC0-301F-11D3-BF4B-00C04F79EFBC}") = "BDD.Test", "BDD.Test\BDD.Test.csproj", "{9E21819B-6E9F-4993-BFDA-E2FB4DA87FEA}"
EndProject
Project("{2150E333-8FDC-42A3-9474-1A3956D46DE8}") = "Solution", "Solution", "{0E9A6B08-F757-4856-928C-5D8BE0CEC88D}"
	ProjectSection(SolutionItems) = preProject
		.gitignore = .gitignore
		nuget.config = nuget.config
		README.md = README.md
		.github\workflows\build-and-publish.yml = .github\workflows\build-and-publish.yml
	EndProjectSection
EndProject
Global
	GlobalSection(SolutionConfigurationPlatforms) = preSolution
		Debug|Any CPU = Debug|Any CPU
		Release|Any CPU = Release|Any CPU
	EndGlobalSection
	GlobalSection(ProjectConfigurationPlatforms) = postSolution
		{FDBF7643-B61F-47E7-A49B-3F8F25184ABF}.Debug|Any CPU.ActiveCfg = Debug|Any CPU
		{FDBF7643-B61F-47E7-A49B-3F8F25184ABF}.Debug|Any CPU.Build.0 = Debug|Any CPU
		{FDBF7643-B61F-47E7-A49B-3F8F25184ABF}.Release|Any CPU.ActiveCfg = Release|Any CPU
		{FDBF7643-B61F-47E7-A49B-3F8F25184ABF}.Release|Any CPU.Build.0 = Release|Any CPU
		{9E21819B-6E9F-4993-BFDA-E2FB4DA87FEA}.Debug|Any CPU.ActiveCfg = Debug|Any CPU
		{9E21819B-6E9F-4993-BFDA-E2FB4DA87FEA}.Debug|Any CPU.Build.0 = Debug|Any CPU
		{9E21819B-6E9F-4993-BFDA-E2FB4DA87FEA}.Release|Any CPU.ActiveCfg = Release|Any CPU
		{9E21819B-6E9F-4993-BFDA-E2FB4DA87FEA}.Release|Any CPU.Build.0 = Release|Any CPU
	EndGlobalSection
EndGlobal
